
Microsoft Visual Studio Solution File, Format Version 12.00
# Visual Studio Version 17
VisualStudioVersion = 17.2.32616.157
MinimumVisualStudioVersion = 10.0.40219.1
Project("{FAE04EC0-301F-11D3-BF4B-00C04F79EFBC}") = "Windows_App_UI", "Windows_App_UI\Windows_App_UI.csproj", "{4BB4EB83-98F1-418E-B0FC-4D4794E71C7C}"
EndProject
Global
	GlobalSection(SolutionConfigurationPlatforms) = preSolution
		Debug|Any CPU = Debug|Any CPU
		Release|Any CPU = Release|Any CPU
	EndGlobalSection
	GlobalSection(ProjectConfigurationPlatforms) = postSolution
		{4BB4EB83-98F1-418E-B0FC-4D4794E71C7C}.Debug|Any CPU.ActiveCfg = Debug|Any CPU
		{4BB4EB83-98F1-418E-B0FC-4D4794E71C7C}.Debug|Any CPU.Build.0 = Debug|Any CPU
		{4BB4EB83-98F1-418E-B0FC-4D4794E71C7C}.Release|Any CPU.ActiveCfg = Release|Any CPU
		{4BB4EB83-98F1-418E-B0FC-4D4794E71C7C}.Release|Any CPU.Build.0 = Release|Any CPU
	EndGlobalSection
	GlobalSection(SolutionProperties) = preSolution
		HideSolutionNode = FALSE
	EndGlobalSection
	GlobalSection(ExtensibilityGlobals) = postSolution
		SolutionGuid = {0E741F9A-C6BF-4EEF-BD50-594B9398DC1E}
	EndGlobalSection
EndGlobal
